
Microsoft Visual Studio Solution File, Format Version 12.00
# Visual Studio 2012
Project("{159641D6-6404-4A2A-AE62-294DE0FE8301}") = "Formation_SGS", "Formation_SGS\Formation_SGS.dtproj", "{2E2F94EF-808D-4825-A4C1-FA6EA57133BB}"
EndProject
Global
	GlobalSection(SolutionConfigurationPlatforms) = preSolution
		Development|Default = Development|Default
	EndGlobalSection
	GlobalSection(ProjectConfigurationPlatforms) = postSolution
		{2E2F94EF-808D-4825-A4C1-FA6EA57133BB}.Development|Default.ActiveCfg = Development
		{2E2F94EF-808D-4825-A4C1-FA6EA57133BB}.Development|Default.Build.0 = Development
	EndGlobalSection
	GlobalSection(SolutionProperties) = preSolution
		HideSolutionNode = FALSE
	EndGlobalSection
EndGlobal
